{
  "name": "webos-service-stub",
  "version": "1.0.0",
  "lockfileVersion": 1,
  "requires": true,
  "dependencies": {
    "imurmurhash": {
      "version": "0.1.4",
      "resolved": "https://registry.npmjs.org/imurmurhash/-/imurmurhash-0.1.4.tgz",
      "integrity": "sha1-khi5srkoojixPcT7a21XbyMUU+o="
    },
    "unique-filename": {
      "version": "1.1.1",
      "resolved": "https://registry.npmjs.org/unique-filename/-/unique-filename-1.1.1.tgz",
      "integrity": "sha512-Vmp0jIp2ln35UTXuryvjzkjGdRyf9b2lTXuSYUiPmzRcl3FDtYqAwOnTJkAngD9SWhnoJzDbTKwaOrZ+STtxNQ==",
      "requires": {
        "unique-slug": "^2.0.0"
      }
    },
    "unique-slug": {
      "version": "2.0.1",
      "resolved": "https://registry.npmjs.org/unique-slug/-/unique-slug-2.0.1.tgz",
      "integrity": "sha512-n9cU6+gITaVu7VGj1Z8feKMmfAjEAQGhwD9fE3zvpRRa0wEIx8ODYkVGfSc94M2OX00tUFV8wH3zYbm1I8mxFg==",
      "requires": {
        "imurmurhash": "^0.1.4"
      }
    }
  }
}
